
Microsoft Visual Studio Solution File, Format Version 12.00
# Visual Studio Version 17
VisualStudioVersion = 17.4.33015.44
MinimumVisualStudioVersion = 10.0.40219.1
Project("{9A19103F-16F7-4668-BE54-9A1E7A4F7556}") = "Wanderer", "Wanderer\Wanderer.csproj", "{ADF33765-A258-44CC-A2F3-B449DE4F4125}"
EndProject
Project("{9A19103F-16F7-4668-BE54-9A1E7A4F7556}") = "ImageProcessing", "ImageProcessing\ImageProcessing.csproj", "{30C289BC-7186-4924-8210-9CBA12888A78}"
EndProject
Project("{9A19103F-16F7-4668-BE54-9A1E7A4F7556}") = "Mapping", "Mapping\Mapping.csproj", "{49EEB946-EDF1-4218-8D2F-8464696E5714}"
EndProject
Project("{9A19103F-16F7-4668-BE54-9A1E7A4F7556}") = "Hardware", "Hardware\Hardware.csproj", "{F2D095C7-574A-4366-B38B-331E209D418B}"
EndProject
Project("{9A19103F-16F7-4668-BE54-9A1E7A4F7556}") = "Software", "Software\Software.csproj", "{00C7844D-8B84-4FC7-9622-06AC53D3BBB3}"
EndProject
Project("{9A19103F-16F7-4668-BE54-9A1E7A4F7556}") = "InitializationApplication", "InitializationApplication\InitializationApplication.csproj", "{6F8F35D7-6E85-49C1-BB77-243519CBC11B}"
EndProject
Project("{9A19103F-16F7-4668-BE54-9A1E7A4F7556}") = "Input", "Input\Input.csproj", "{9E4A8A8B-F589-4D0F-884C-ED1ABCECB921}"
EndProject
Project("{2150E333-8FDC-42A3-9474-1A3956D46DE8}") = "Applications", "Applications", "{62EAC17C-50E5-4F28-8842-E9B62E444545}"
EndProject
Project("{2150E333-8FDC-42A3-9474-1A3956D46DE8}") = "Hardwares", "Hardwares", "{5564D175-B3FA-451F-9745-6299732B0F1E}"
EndProject
Project("{2150E333-8FDC-42A3-9474-1A3956D46DE8}") = "Softwares", "Softwares", "{051D4F37-3A52-4BBB-A467-8528B11080B4}"
EndProject
Project("{9A19103F-16F7-4668-BE54-9A1E7A4F7556}") = "Motor", "Motor\Motor.csproj", "{A4725B1B-8654-4D37-B6B6-8898A9EF257C}"
EndProject
Project("{9A19103F-16F7-4668-BE54-9A1E7A4F7556}") = "RobotApiServer", "RobotApiServer\RobotApiServer.csproj", "{018CCD3B-9AD1-491F-A4DE-7434F2F5E258}"
EndProject
Project("{9A19103F-16F7-4668-BE54-9A1E7A4F7556}") = "TestApplication", "TestApplication\TestApplication.csproj", "{EF3040FE-1530-4D79-8020-A910FDF63422}"
EndProject
Project("{9A19103F-16F7-4668-BE54-9A1E7A4F7556}") = "Speech", "Speech\Speech.csproj", "{6936C71E-27DF-4C99-8DF1-FA67E9BF1ACD}"
EndProject
Project("{9A19103F-16F7-4668-BE54-9A1E7A4F7556}") = "Gps", "Gps\Gps.csproj", "{508F200B-F561-4A3C-AD66-DDADC6208BD6}"
EndProject
Project("{9A19103F-16F7-4668-BE54-9A1E7A4F7556}") = "StateChart", "StateChart\StateChart.csproj", "{3DDC0261-7A33-454D-8CD0-A8BA23DC68BA}"
EndProject
Project("{9A19103F-16F7-4668-BE54-9A1E7A4F7556}") = "CommonTypes", "CommonTypes\CommonTypes.csproj", "{309C7DFD-5DC4-43D9-B40C-AD663B100BA8}"
EndProject
Project("{FAE04EC0-301F-11D3-BF4B-00C04F79EFBC}") = "SmallTestApplication", "SmallTestApplication\SmallTestApplication.csproj", "{DFA6AB7D-4622-4B14-872F-A6548C30A0ED}"
EndProject
Project("{FAE04EC0-301F-11D3-BF4B-00C04F79EFBC}") = "SmallTestUiApplication", "SmallTestUiApplication\SmallTestUiApplication.csproj", "{1C15631F-112A-4550-90E1-30A6F4E17BFF}"
EndProject
Global
	GlobalSection(SolutionConfigurationPlatforms) = preSolution
		Debug|Any CPU = Debug|Any CPU
		Debug|x64 = Debug|x64
		Release|Any CPU = Release|Any CPU
		Release|x64 = Release|x64
	EndGlobalSection
	GlobalSection(ProjectConfigurationPlatforms) = postSolution
		{ADF33765-A258-44CC-A2F3-B449DE4F4125}.Debug|Any CPU.ActiveCfg = Debug|x64
		{ADF33765-A258-44CC-A2F3-B449DE4F4125}.Debug|Any CPU.Build.0 = Debug|x64
		{ADF33765-A258-44CC-A2F3-B449DE4F4125}.Debug|x64.ActiveCfg = Debug|x64
		{ADF33765-A258-44CC-A2F3-B449DE4F4125}.Debug|x64.Build.0 = Debug|x64
		{ADF33765-A258-44CC-A2F3-B449DE4F4125}.Release|Any CPU.ActiveCfg = Release|x64
		{ADF33765-A258-44CC-A2F3-B449DE4F4125}.Release|Any CPU.Build.0 = Release|x64
		{ADF33765-A258-44CC-A2F3-B449DE4F4125}.Release|x64.ActiveCfg = Release|x64
		{ADF33765-A258-44CC-A2F3-B449DE4F4125}.Release|x64.Build.0 = Release|x64
		{30C289BC-7186-4924-8210-9CBA12888A78}.Debug|Any CPU.ActiveCfg = Debug|x64
		{30C289BC-7186-4924-8210-9CBA12888A78}.Debug|Any CPU.Build.0 = Debug|x64
		{30C289BC-7186-4924-8210-9CBA12888A78}.Debug|x64.ActiveCfg = Debug|x64
		{30C289BC-7186-4924-8210-9CBA12888A78}.Debug|x64.Build.0 = Debug|x64
		{30C289BC-7186-4924-8210-9CBA12888A78}.Release|Any CPU.ActiveCfg = Release|x64
		{30C289BC-7186-4924-8210-9CBA12888A78}.Release|Any CPU.Build.0 = Release|x64
		{30C289BC-7186-4924-8210-9CBA12888A78}.Release|x64.ActiveCfg = Release|x64
		{30C289BC-7186-4924-8210-9CBA12888A78}.Release|x64.Build.0 = Release|x64
		{49EEB946-EDF1-4218-8D2F-8464696E5714}.Debug|Any CPU.ActiveCfg = Debug|x64
		{49EEB946-EDF1-4218-8D2F-8464696E5714}.Debug|Any CPU.Build.0 = Debug|x64
		{49EEB946-EDF1-4218-8D2F-8464696E5714}.Debug|x64.ActiveCfg = Debug|x64
		{49EEB946-EDF1-4218-8D2F-8464696E5714}.Debug|x64.Build.0 = Debug|x64
		{49EEB946-EDF1-4218-8D2F-8464696E5714}.Release|Any CPU.ActiveCfg = Release|x64
		{49EEB946-EDF1-4218-8D2F-8464696E5714}.Release|Any CPU.Build.0 = Release|x64
		{49EEB946-EDF1-4218-8D2F-8464696E5714}.Release|x64.ActiveCfg = Release|x64
		{49EEB946-EDF1-4218-8D2F-8464696E5714}.Release|x64.Build.0 = Release|x64
		{F2D095C7-574A-4366-B38B-331E209D418B}.Debug|Any CPU.ActiveCfg = Debug|x64
		{F2D095C7-574A-4366-B38B-331E209D418B}.Debug|Any CPU.Build.0 = Debug|x64
		{F2D095C7-574A-4366-B38B-331E209D418B}.Debug|x64.ActiveCfg = Debug|x64
		{F2D095C7-574A-4366-B38B-331E209D418B}.Debug|x64.Build.0 = Debug|x64
		{F2D095C7-574A-4366-B38B-331E209D418B}.Release|Any CPU.ActiveCfg = Release|x64
		{F2D095C7-574A-4366-B38B-331E209D418B}.Release|Any CPU.Build.0 = Release|x64
		{F2D095C7-574A-4366-B38B-331E209D418B}.Release|x64.ActiveCfg = Release|x64
		{F2D095C7-574A-4366-B38B-331E209D418B}.Release|x64.Build.0 = Release|x64
		{00C7844D-8B84-4FC7-9622-06AC53D3BBB3}.Debug|Any CPU.ActiveCfg = Debug|x64
		{00C7844D-8B84-4FC7-9622-06AC53D3BBB3}.Debug|Any CPU.Build.0 = Debug|x64
		{00C7844D-8B84-4FC7-9622-06AC53D3BBB3}.Debug|x64.ActiveCfg = Debug|x64
		{00C7844D-8B84-4FC7-9622-06AC53D3BBB3}.Debug|x64.Build.0 = Debug|x64
		{00C7844D-8B84-4FC7-9622-06AC53D3BBB3}.Release|Any CPU.ActiveCfg = Release|x64
		{00C7844D-8B84-4FC7-9622-06AC53D3BBB3}.Release|Any CPU.Build.0 = Release|x64
		{00C7844D-8B84-4FC7-9622-06AC53D3BBB3}.Release|x64.ActiveCfg = Release|x64
		{00C7844D-8B84-4FC7-9622-06AC53D3BBB3}.Release|x64.Build.0 = Release|x64
		{6F8F35D7-6E85-49C1-BB77-243519CBC11B}.Debug|Any CPU.ActiveCfg = Debug|x64
		{6F8F35D7-6E85-49C1-BB77-243519CBC11B}.Debug|Any CPU.Build.0 = Debug|x64
		{6F8F35D7-6E85-49C1-BB77-243519CBC11B}.Debug|x64.ActiveCfg = Debug|x64
		{6F8F35D7-6E85-49C1-BB77-243519CBC11B}.Debug|x64.Build.0 = Debug|x64
		{6F8F35D7-6E85-49C1-BB77-243519CBC11B}.Release|Any CPU.ActiveCfg = Release|x64
		{6F8F35D7-6E85-49C1-BB77-243519CBC11B}.Release|Any CPU.Build.0 = Release|x64
		{6F8F35D7-6E85-49C1-BB77-243519CBC11B}.Release|x64.ActiveCfg = Release|x64
		{6F8F35D7-6E85-49C1-BB77-243519CBC11B}.Release|x64.Build.0 = Release|x64
		{9E4A8A8B-F589-4D0F-884C-ED1ABCECB921}.Debug|Any CPU.ActiveCfg = Debug|x64
		{9E4A8A8B-F589-4D0F-884C-ED1ABCECB921}.Debug|Any CPU.Build.0 = Debug|x64
		{9E4A8A8B-F589-4D0F-884C-ED1ABCECB921}.Debug|x64.ActiveCfg = Debug|x64
		{9E4A8A8B-F589-4D0F-884C-ED1ABCECB921}.Debug|x64.Build.0 = Debug|x64
		{9E4A8A8B-F589-4D0F-884C-ED1ABCECB921}.Release|Any CPU.ActiveCfg = Release|x64
		{9E4A8A8B-F589-4D0F-884C-ED1ABCECB921}.Release|Any CPU.Build.0 = Release|x64
		{9E4A8A8B-F589-4D0F-884C-ED1ABCECB921}.Release|x64.ActiveCfg = Release|x64
		{9E4A8A8B-F589-4D0F-884C-ED1ABCECB921}.Release|x64.Build.0 = Release|x64
		{A4725B1B-8654-4D37-B6B6-8898A9EF257C}.Debug|Any CPU.ActiveCfg = Debug|x64
		{A4725B1B-8654-4D37-B6B6-8898A9EF257C}.Debug|Any CPU.Build.0 = Debug|x64
		{A4725B1B-8654-4D37-B6B6-8898A9EF257C}.Debug|x64.ActiveCfg = Debug|x64
		{A4725B1B-8654-4D37-B6B6-8898A9EF257C}.Debug|x64.Build.0 = Debug|x64
		{A4725B1B-8654-4D37-B6B6-8898A9EF257C}.Release|Any CPU.ActiveCfg = Release|x64
		{A4725B1B-8654-4D37-B6B6-8898A9EF257C}.Release|Any CPU.Build.0 = Release|x64
		{A4725B1B-8654-4D37-B6B6-8898A9EF257C}.Release|x64.ActiveCfg = Release|x64
		{A4725B1B-8654-4D37-B6B6-8898A9EF257C}.Release|x64.Build.0 = Release|x64
		{018CCD3B-9AD1-491F-A4DE-7434F2F5E258}.Debug|Any CPU.ActiveCfg = Debug|x64
		{018CCD3B-9AD1-491F-A4DE-7434F2F5E258}.Debug|Any CPU.Build.0 = Debug|x64
		{018CCD3B-9AD1-491F-A4DE-7434F2F5E258}.Debug|x64.ActiveCfg = Debug|x64
		{018CCD3B-9AD1-491F-A4DE-7434F2F5E258}.Debug|x64.Build.0 = Debug|x64
		{018CCD3B-9AD1-491F-A4DE-7434F2F5E258}.Release|Any CPU.ActiveCfg = Release|x64
		{018CCD3B-9AD1-491F-A4DE-7434F2F5E258}.Release|Any CPU.Build.0 = Release|x64
		{018CCD3B-9AD1-491F-A4DE-7434F2F5E258}.Release|x64.ActiveCfg = Release|x64
		{018CCD3B-9AD1-491F-A4DE-7434F2F5E258}.Release|x64.Build.0 = Release|x64
		{EF3040FE-1530-4D79-8020-A910FDF63422}.Debug|Any CPU.ActiveCfg = Debug|x64
		{EF3040FE-1530-4D79-8020-A910FDF63422}.Debug|Any CPU.Build.0 = Debug|x64
		{EF3040FE-1530-4D79-8020-A910FDF63422}.Debug|x64.ActiveCfg = Debug|x64
		{EF3040FE-1530-4D79-8020-A910FDF63422}.Debug|x64.Build.0 = Debug|x64
		{EF3040FE-1530-4D79-8020-A910FDF63422}.Release|Any CPU.ActiveCfg = Release|x64
		{EF3040FE-1530-4D79-8020-A910FDF63422}.Release|Any CPU.Build.0 = Release|x64
		{EF3040FE-1530-4D79-8020-A910FDF63422}.Release|x64.ActiveCfg = Release|x64
		{EF3040FE-1530-4D79-8020-A910FDF63422}.Release|x64.Build.0 = Release|x64
		{6936C71E-27DF-4C99-8DF1-FA67E9BF1ACD}.Debug|Any CPU.ActiveCfg = Debug|x64
		{6936C71E-27DF-4C99-8DF1-FA67E9BF1ACD}.Debug|x64.ActiveCfg = Debug|x64
		{6936C71E-27DF-4C99-8DF1-FA67E9BF1ACD}.Debug|x64.Build.0 = Debug|x64
		{6936C71E-27DF-4C99-8DF1-FA67E9BF1ACD}.Release|Any CPU.ActiveCfg = Release|x64
		{6936C71E-27DF-4C99-8DF1-FA67E9BF1ACD}.Release|x64.ActiveCfg = Release|x64
		{6936C71E-27DF-4C99-8DF1-FA67E9BF1ACD}.Release|x64.Build.0 = Release|x64
		{508F200B-F561-4A3C-AD66-DDADC6208BD6}.Debug|Any CPU.ActiveCfg = Debug|x64
		{508F200B-F561-4A3C-AD66-DDADC6208BD6}.Debug|x64.ActiveCfg = Debug|x64
		{508F200B-F561-4A3C-AD66-DDADC6208BD6}.Debug|x64.Build.0 = Debug|x64
		{508F200B-F561-4A3C-AD66-DDADC6208BD6}.Release|Any CPU.ActiveCfg = Release|x64
		{508F200B-F561-4A3C-AD66-DDADC6208BD6}.Release|x64.ActiveCfg = Release|x64
		{508F200B-F561-4A3C-AD66-DDADC6208BD6}.Release|x64.Build.0 = Release|x64
		{3DDC0261-7A33-454D-8CD0-A8BA23DC68BA}.Debug|Any CPU.ActiveCfg = Debug|x64
		{3DDC0261-7A33-454D-8CD0-A8BA23DC68BA}.Debug|x64.ActiveCfg = Debug|x64
		{3DDC0261-7A33-454D-8CD0-A8BA23DC68BA}.Debug|x64.Build.0 = Debug|x64
		{3DDC0261-7A33-454D-8CD0-A8BA23DC68BA}.Release|Any CPU.ActiveCfg = Release|x64
		{3DDC0261-7A33-454D-8CD0-A8BA23DC68BA}.Release|x64.ActiveCfg = Release|x64
		{3DDC0261-7A33-454D-8CD0-A8BA23DC68BA}.Release|x64.Build.0 = Release|x64
		{309C7DFD-5DC4-43D9-B40C-AD663B100BA8}.Debug|Any CPU.ActiveCfg = Debug|x64
		{309C7DFD-5DC4-43D9-B40C-AD663B100BA8}.Debug|x64.ActiveCfg = Debug|x64
		{309C7DFD-5DC4-43D9-B40C-AD663B100BA8}.Debug|x64.Build.0 = Debug|x64
		{309C7DFD-5DC4-43D9-B40C-AD663B100BA8}.Release|Any CPU.ActiveCfg = Release|x64
		{309C7DFD-5DC4-43D9-B40C-AD663B100BA8}.Release|x64.ActiveCfg = Release|x64
		{309C7DFD-5DC4-43D9-B40C-AD663B100BA8}.Release|x64.Build.0 = Release|x64
		{DFA6AB7D-4622-4B14-872F-A6548C30A0ED}.Debug|Any CPU.ActiveCfg = Debug|Any CPU
		{DFA6AB7D-4622-4B14-872F-A6548C30A0ED}.Debug|Any CPU.Build.0 = Debug|Any CPU
		{DFA6AB7D-4622-4B14-872F-A6548C30A0ED}.Debug|x64.ActiveCfg = Debug|Any CPU
		{DFA6AB7D-4622-4B14-872F-A6548C30A0ED}.Debug|x64.Build.0 = Debug|Any CPU
		{DFA6AB7D-4622-4B14-872F-A6548C30A0ED}.Release|Any CPU.ActiveCfg = Release|Any CPU
		{DFA6AB7D-4622-4B14-872F-A6548C30A0ED}.Release|Any CPU.Build.0 = Release|Any CPU
		{DFA6AB7D-4622-4B14-872F-A6548C30A0ED}.Release|x64.ActiveCfg = Release|Any CPU
		{DFA6AB7D-4622-4B14-872F-A6548C30A0ED}.Release|x64.Build.0 = Release|Any CPU
		{1C15631F-112A-4550-90E1-30A6F4E17BFF}.Debug|Any CPU.ActiveCfg = Debug|Any CPU
		{1C15631F-112A-4550-90E1-30A6F4E17BFF}.Debug|Any CPU.Build.0 = Debug|Any CPU
		{1C15631F-112A-4550-90E1-30A6F4E17BFF}.Debug|x64.ActiveCfg = Debug|Any CPU
		{1C15631F-112A-4550-90E1-30A6F4E17BFF}.Debug|x64.Build.0 = Debug|Any CPU
		{1C15631F-112A-4550-90E1-30A6F4E17BFF}.Release|Any CPU.ActiveCfg = Release|Any CPU
		{1C15631F-112A-4550-90E1-30A6F4E17BFF}.Release|Any CPU.Build.0 = Release|Any CPU
		{1C15631F-112A-4550-90E1-30A6F4E17BFF}.Release|x64.ActiveCfg = Release|Any CPU
		{1C15631F-112A-4550-90E1-30A6F4E17BFF}.Release|x64.Build.0 = Release|Any CPU
	EndGlobalSection
	GlobalSection(SolutionProperties) = preSolution
		HideSolutionNode = FALSE
	EndGlobalSection
	GlobalSection(NestedProjects) = preSolution
		{ADF33765-A258-44CC-A2F3-B449DE4F4125} = {62EAC17C-50E5-4F28-8842-E9B62E444545}
		{30C289BC-7186-4924-8210-9CBA12888A78} = {5564D175-B3FA-451F-9745-6299732B0F1E}
		{49EEB946-EDF1-4218-8D2F-8464696E5714} = {051D4F37-3A52-4BBB-A467-8528B11080B4}
		{F2D095C7-574A-4366-B38B-331E209D418B} = {5564D175-B3FA-451F-9745-6299732B0F1E}
		{00C7844D-8B84-4FC7-9622-06AC53D3BBB3} = {051D4F37-3A52-4BBB-A467-8528B11080B4}
		{6F8F35D7-6E85-49C1-BB77-243519CBC11B} = {62EAC17C-50E5-4F28-8842-E9B62E444545}
		{9E4A8A8B-F589-4D0F-884C-ED1ABCECB921} = {5564D175-B3FA-451F-9745-6299732B0F1E}
		{A4725B1B-8654-4D37-B6B6-8898A9EF257C} = {5564D175-B3FA-451F-9745-6299732B0F1E}
		{018CCD3B-9AD1-491F-A4DE-7434F2F5E258} = {051D4F37-3A52-4BBB-A467-8528B11080B4}
		{EF3040FE-1530-4D79-8020-A910FDF63422} = {62EAC17C-50E5-4F28-8842-E9B62E444545}
		{6936C71E-27DF-4C99-8DF1-FA67E9BF1ACD} = {051D4F37-3A52-4BBB-A467-8528B11080B4}
		{508F200B-F561-4A3C-AD66-DDADC6208BD6} = {5564D175-B3FA-451F-9745-6299732B0F1E}
		{3DDC0261-7A33-454D-8CD0-A8BA23DC68BA} = {051D4F37-3A52-4BBB-A467-8528B11080B4}
		{309C7DFD-5DC4-43D9-B40C-AD663B100BA8} = {051D4F37-3A52-4BBB-A467-8528B11080B4}
		{DFA6AB7D-4622-4B14-872F-A6548C30A0ED} = {62EAC17C-50E5-4F28-8842-E9B62E444545}
		{1C15631F-112A-4550-90E1-30A6F4E17BFF} = {62EAC17C-50E5-4F28-8842-E9B62E444545}
	EndGlobalSection
	GlobalSection(ExtensibilityGlobals) = postSolution
		SolutionGuid = {C5DA3201-DD20-475F-8842-CDC490CE3CC1}
	EndGlobalSection
EndGlobal
